
Microsoft Visual Studio Solution File, Format Version 12.00
# Visual Studio Version 17
VisualStudioVersion = 17.1.32210.238
MinimumVisualStudioVersion = 10.0.40219.1
Project("{FAE04EC0-301F-11D3-BF4B-00C04F79EFBC}") = "BikeLoanProject", "BikeLoanProject\BikeLoanProject.csproj", "{6F24789A-AEB2-46DC-B3DF-1DB45E109273}"
EndProject
Project("{FAE04EC0-301F-11D3-BF4B-00C04F79EFBC}") = "DataAccess", "DataAccess\DataAccess.csproj", "{313A0DA9-324E-4D1F-92A1-3FF34C440262}"
EndProject
Global
	GlobalSection(SolutionConfigurationPlatforms) = preSolution
		Debug|Any CPU = Debug|Any CPU
		Release|Any CPU = Release|Any CPU
	EndGlobalSection
	GlobalSection(ProjectConfigurationPlatforms) = postSolution
		{6F24789A-AEB2-46DC-B3DF-1DB45E109273}.Debug|Any CPU.ActiveCfg = Debug|Any CPU
		{6F24789A-AEB2-46DC-B3DF-1DB45E109273}.Debug|Any CPU.Build.0 = Debug|Any CPU
		{6F24789A-AEB2-46DC-B3DF-1DB45E109273}.Release|Any CPU.ActiveCfg = Release|Any CPU
		{6F24789A-AEB2-46DC-B3DF-1DB45E109273}.Release|Any CPU.Build.0 = Release|Any CPU
		{313A0DA9-324E-4D1F-92A1-3FF34C440262}.Debug|Any CPU.ActiveCfg = Debug|Any CPU
		{313A0DA9-324E-4D1F-92A1-3FF34C440262}.Debug|Any CPU.Build.0 = Debug|Any CPU
		{313A0DA9-324E-4D1F-92A1-3FF34C440262}.Release|Any CPU.ActiveCfg = Release|Any CPU
		{313A0DA9-324E-4D1F-92A1-3FF34C440262}.Release|Any CPU.Build.0 = Release|Any CPU
	EndGlobalSection
	GlobalSection(SolutionProperties) = preSolution
		HideSolutionNode = FALSE
	EndGlobalSection
	GlobalSection(ExtensibilityGlobals) = postSolution
		SolutionGuid = {38E17271-AE83-47B6-9A64-49F59388AE54}
	EndGlobalSection
EndGlobal
